// !$*UTF8*$!
{
	archiveVersion = 1;
	classes = {
	};
	objectVersion = 51;
	objects = {

/* Begin PBXBuildFile section */
		40501875B830FC464BB6DFB8 /* Pods_Flood.framework in Frameworks */ = {isa = PBXBuildFile; fileRef = 3EFDF396692AD089ED72D924 /* Pods_Flood.framework */; };
		5E2B633523B64160002B4F13 /* PostImageCVC.swift in Sources */ = {isa = PBXBuildFile; fileRef = 5E2B633423B64160002B4F13 /* PostImageCVC.swift */; };
		5E3D1AB923B73782005F7861 /* ShareViewController.swift in Sources */ = {isa = PBXBuildFile; fileRef = 5E3D1AB823B73782005F7861 /* ShareViewController.swift */; };
		5E3D1ABC23B73782005F7861 /* MainInterface.storyboard in Resources */ = {isa = PBXBuildFile; fileRef = 5E3D1ABA23B73782005F7861 /* MainInterface.storyboard */; };
		5E3D1AC023B73782005F7861 /* PostShareExtension.appex in Embed App Extensions */ = {isa = PBXBuildFile; fileRef = 5E3D1AB623B73782005F7861 /* PostShareExtension.appex */; settings = {ATTRIBUTES = (RemoveHeadersOnCopy, ); }; };
		5E3D1AC723B78902005F7861 /* NetworkResult.swift in Sources */ = {isa = PBXBuildFile; fileRef = 5E3D1AC623B78902005F7861 /* NetworkResult.swift */; };
		5E64E08C23B309FA00A54B9A /* UIColor+extension.swift in Sources */ = {isa = PBXBuildFile; fileRef = 5E64E08B23B309FA00A54B9A /* UIColor+extension.swift */; };
		5E64E08E23B3265500A54B9A /* UITextView+Extension.swift in Sources */ = {isa = PBXBuildFile; fileRef = 5E64E08D23B3265500A54B9A /* UITextView+Extension.swift */; };
		5E64E09223B4A3D500A54B9A /* UINavigationController+Extensions.swift in Sources */ = {isa = PBXBuildFile; fileRef = 5E64E09123B4A3D500A54B9A /* UINavigationController+Extensions.swift */; };
		5E79348F23B8A21000E6862A /* CategoryTableViewController.swift in Sources */ = {isa = PBXBuildFile; fileRef = 5E79348E23B8A21000E6862A /* CategoryTableViewController.swift */; };
		5EA3E04E23AF9A0200CAB6F2 /* AppDelegate.swift in Sources */ = {isa = PBXBuildFile; fileRef = 5EA3E04D23AF9A0200CAB6F2 /* AppDelegate.swift */; };
		5EA3E05023AF9A0200CAB6F2 /* SceneDelegate.swift in Sources */ = {isa = PBXBuildFile; fileRef = 5EA3E04F23AF9A0200CAB6F2 /* SceneDelegate.swift */; };
		5EA3E05523AF9A0200CAB6F2 /* Init.storyboard in Resources */ = {isa = PBXBuildFile; fileRef = 5EA3E05323AF9A0200CAB6F2 /* Init.storyboard */; };
		5EA3E05723AF9A0700CAB6F2 /* Assets.xcassets in Resources */ = {isa = PBXBuildFile; fileRef = 5EA3E05623AF9A0700CAB6F2 /* Assets.xcassets */; };
		5EA3E05A23AF9A0700CAB6F2 /* LaunchScreen.storyboard in Resources */ = {isa = PBXBuildFile; fileRef = 5EA3E05823AF9A0700CAB6F2 /* LaunchScreen.storyboard */; };
		5EB1249623B8632E00A89A47 /* CategoryViewController.swift in Sources */ = {isa = PBXBuildFile; fileRef = 5EB1249523B8632E00A89A47 /* CategoryViewController.swift */; };
		5EB1249823B8744800A89A47 /* CategoryTableViewCell.swift in Sources */ = {isa = PBXBuildFile; fileRef = 5EB1249723B8744800A89A47 /* CategoryTableViewCell.swift */; };
		5ED2093223B0338A00540877 /* Bookmark.storyboard in Resources */ = {isa = PBXBuildFile; fileRef = 5ED2093123B0338A00540877 /* Bookmark.storyboard */; };
		5ED2093423B033AF00540877 /* Main.storyboard in Resources */ = {isa = PBXBuildFile; fileRef = 5ED2093323B033AF00540877 /* Main.storyboard */; };
		5ED2093623B033BB00540877 /* Mypage.storyboard in Resources */ = {isa = PBXBuildFile; fileRef = 5ED2093523B033BB00540877 /* Mypage.storyboard */; };
		5ED2093823B035B900540877 /* Alarm.storyboard in Resources */ = {isa = PBXBuildFile; fileRef = 5ED2093723B035B900540877 /* Alarm.storyboard */; };
		5ED2093A23B0368600540877 /* Post.storyboard in Resources */ = {isa = PBXBuildFile; fileRef = 5ED2093923B0368600540877 /* Post.storyboard */; };
		5ED2093C23B03C6200540877 /* InitViewController.swift in Sources */ = {isa = PBXBuildFile; fileRef = 5ED2093B23B03C6200540877 /* InitViewController.swift */; };
		5ED2093E23B03C6E00540877 /* MainViewController.swift in Sources */ = {isa = PBXBuildFile; fileRef = 5ED2093D23B03C6E00540877 /* MainViewController.swift */; };
		5ED2094023B03C7700540877 /* BookmarkViewController.swift in Sources */ = {isa = PBXBuildFile; fileRef = 5ED2093F23B03C7700540877 /* BookmarkViewController.swift */; };
		5ED2094223B03C8300540877 /* PostViewController.swift in Sources */ = {isa = PBXBuildFile; fileRef = 5ED2094123B03C8300540877 /* PostViewController.swift */; };
		5ED2094423B03C9400540877 /* AlarmViewController.swift in Sources */ = {isa = PBXBuildFile; fileRef = 5ED2094323B03C9400540877 /* AlarmViewController.swift */; };
		5ED2094623B03C9F00540877 /* MypageViewController.swift in Sources */ = {isa = PBXBuildFile; fileRef = 5ED2094523B03C9F00540877 /* MypageViewController.swift */; };
		5ED2094923B05A1500540877 /* MainTabBarController.swift in Sources */ = {isa = PBXBuildFile; fileRef = 5ED2094823B05A1500540877 /* MainTabBarController.swift */; };
		5ED2094B23B0D1A000540877 /* APIConstants.swift in Sources */ = {isa = PBXBuildFile; fileRef = 5ED2094A23B0D1A000540877 /* APIConstants.swift */; };
		5ED2094D23B0D1A800540877 /* Model.swift in Sources */ = {isa = PBXBuildFile; fileRef = 5ED2094C23B0D1A800540877 /* Model.swift */; };
		5ED2094F23B0D1B200540877 /* UIView+Exension.swift in Sources */ = {isa = PBXBuildFile; fileRef = 5ED2094E23B0D1B200540877 /* UIView+Exension.swift */; };
		5ED2095223B0DF4200540877 /* MypageSettingViewController.swift in Sources */ = {isa = PBXBuildFile; fileRef = 5ED2095123B0DF4200540877 /* MypageSettingViewController.swift */; };
		5ED2095423B185F200540877 /* EditFlipViewController.swift in Sources */ = {isa = PBXBuildFile; fileRef = 5ED2095323B185F200540877 /* EditFlipViewController.swift */; };
		5ED2095A23B1B29F00540877 /* MypageFlipCollectionViewCell.swift in Sources */ = {isa = PBXBuildFile; fileRef = 5ED2095923B1B29F00540877 /* MypageFlipCollectionViewCell.swift */; };
		5ED2096623B22CD900540877 /* NotoSansCJKkr-Light.otf in Resources */ = {isa = PBXBuildFile; fileRef = 5ED2095D23B22CCC00540877 /* NotoSansCJKkr-Light.otf */; };
		5ED2096723B22CD900540877 /* NotoSansCJKkr-Black.otf in Resources */ = {isa = PBXBuildFile; fileRef = 5ED2095E23B22CCD00540877 /* NotoSansCJKkr-Black.otf */; };
		5ED2096823B22CD900540877 /* NotoSansCJKkr-Thin.otf in Resources */ = {isa = PBXBuildFile; fileRef = 5ED2095F23B22CCF00540877 /* NotoSansCJKkr-Thin.otf */; };
		5ED2096923B22CD900540877 /* NotoSansCJKkr-Bold.otf in Resources */ = {isa = PBXBuildFile; fileRef = 5ED2096023B22CD100540877 /* NotoSansCJKkr-Bold.otf */; };
		5ED2096A23B22CD900540877 /* NotoSansCJKkr-Medium.otf in Resources */ = {isa = PBXBuildFile; fileRef = 5ED2096123B22CD300540877 /* NotoSansCJKkr-Medium.otf */; };
		5ED2096B23B22CD900540877 /* NotoSansCJKkr-Regular.otf in Resources */ = {isa = PBXBuildFile; fileRef = 5ED2096223B22CD400540877 /* NotoSansCJKkr-Regular.otf */; };
		5ED2096C23B22CD900540877 /* NotoSansMonoCJKkr-Regular.otf in Resources */ = {isa = PBXBuildFile; fileRef = 5ED2096323B22CD600540877 /* NotoSansMonoCJKkr-Regular.otf */; };
		5ED2096D23B22CD900540877 /* NotoSansMonoCJKkr-Bold.otf in Resources */ = {isa = PBXBuildFile; fileRef = 5ED2096423B22CD800540877 /* NotoSansMonoCJKkr-Bold.otf */; };
		5ED2096E23B22CD900540877 /* NotoSansCJKkr-DemiLight.otf in Resources */ = {isa = PBXBuildFile; fileRef = 5ED2096523B22CD900540877 /* NotoSansCJKkr-DemiLight.otf */; };
		5ED2097123B22CFE00540877 /* gilroy-light.otf in Resources */ = {isa = PBXBuildFile; fileRef = 5ED2096F23B22CFD00540877 /* gilroy-light.otf */; };
		5ED2097223B22CFE00540877 /* gilroy-extrabold.otf in Resources */ = {isa = PBXBuildFile; fileRef = 5ED2097023B22CFD00540877 /* gilroy-extrabold.otf */; };
		5ED2097423B2500000540877 /* CALayer+Extensions.swift in Sources */ = {isa = PBXBuildFile; fileRef = 5ED2097323B2500000540877 /* CALayer+Extensions.swift */; };
		5ED2097623B266CB00540877 /* UIViewcontroller+extensions.swift in Sources */ = {isa = PBXBuildFile; fileRef = 5ED2097523B266CB00540877 /* UIViewcontroller+extensions.swift */; };
		5ED2097823B26E6000540877 /* CGFloat+extension.swift in Sources */ = {isa = PBXBuildFile; fileRef = 5ED2097723B26E6000540877 /* CGFloat+extension.swift */; };
		A13763C423B74334001E7EB8 /* ThisWeekCell2.swift in Sources */ = {isa = PBXBuildFile; fileRef = A13763C323B74334001E7EB8 /* ThisWeekCell2.swift */; };
		A13763C623B74344001E7EB8 /* ThisWeekCell3.swift in Sources */ = {isa = PBXBuildFile; fileRef = A13763C523B74344001E7EB8 /* ThisWeekCell3.swift */; };
		A164663823B5B78000F18A87 /* NewsSharePostDetailView.swift in Sources */ = {isa = PBXBuildFile; fileRef = A164663723B5B78000F18A87 /* NewsSharePostDetailView.swift */; };
		A164663A23B5B7BE00F18A87 /* CommentCell.swift in Sources */ = {isa = PBXBuildFile; fileRef = A164663923B5B7BE00F18A87 /* CommentCell.swift */; };
		A164663C23B5C18300F18A87 /* Comment.swift in Sources */ = {isa = PBXBuildFile; fileRef = A164663B23B5C18300F18A87 /* Comment.swift */; };
		A164663E23B5C4F500F18A87 /* UIButton+Extensions.swift in Sources */ = {isa = PBXBuildFile; fileRef = A164663D23B5C4F500F18A87 /* UIButton+Extensions.swift */; };
		A19D25B223B4C28A00B929A6 /* ThisWeekCell.swift in Sources */ = {isa = PBXBuildFile; fileRef = A19D25B123B4C28A00B929A6 /* ThisWeekCell.swift */; };
		A19D25B423B4C40100B929A6 /* MainCatarogyCell.swift in Sources */ = {isa = PBXBuildFile; fileRef = A19D25B323B4C40100B929A6 /* MainCatarogyCell.swift */; };
		A19D25B623B4C9B800B929A6 /* NewsSharePostCell.swift in Sources */ = {isa = PBXBuildFile; fileRef = A19D25B523B4C9B800B929A6 /* NewsSharePostCell.swift */; };
		A19D25B823B4D08A00B929A6 /* PicturePostCell.swift in Sources */ = {isa = PBXBuildFile; fileRef = A19D25B723B4D08A00B929A6 /* PicturePostCell.swift */; };
		A19D25BA23B4D0A400B929A6 /* PostCell.swift in Sources */ = {isa = PBXBuildFile; fileRef = A19D25B923B4D0A400B929A6 /* PostCell.swift */; };
		A1CA098623B85F3800FA146F /* PopupCell.swift in Sources */ = {isa = PBXBuildFile; fileRef = A1CA098523B85F3800FA146F /* PopupCell.swift */; };
		A1CA098823B8603700FA146F /* PopupViewController.swift in Sources */ = {isa = PBXBuildFile; fileRef = A1CA098723B8603700FA146F /* PopupViewController.swift */; };
		A1CA098A23B8A94500FA146F /* PostTop3.swift in Sources */ = {isa = PBXBuildFile; fileRef = A1CA098923B8A94500FA146F /* PostTop3.swift */; };
		A1CA098C23B8AD9000FA146F /* PostTop3Services.swift in Sources */ = {isa = PBXBuildFile; fileRef = A1CA098B23B8AD9000FA146F /* PostTop3Services.swift */; };
/* End PBXBuildFile section */

/* Begin PBXContainerItemProxy section */
		5E3D1ABE23B73782005F7861 /* PBXContainerItemProxy */ = {
			isa = PBXContainerItemProxy;
			containerPortal = 5EA3E04223AF9A0100CAB6F2 /* Project object */;
			proxyType = 1;
			remoteGlobalIDString = 5E3D1AB523B73782005F7861;
			remoteInfo = PostShareExtension;
		};
/* End PBXContainerItemProxy section */

/* Begin PBXCopyFilesBuildPhase section */
		5E2B634823B70FA0002B4F13 /* Embed App Extensions */ = {
			isa = PBXCopyFilesBuildPhase;
			buildActionMask = 2147483647;
			dstPath = "";
			dstSubfolderSpec = 13;
			files = (
				5E3D1AC023B73782005F7861 /* PostShareExtension.appex in Embed App Extensions */,
			);
			name = "Embed App Extensions";
			runOnlyForDeploymentPostprocessing = 0;
		};
/* End PBXCopyFilesBuildPhase section */

/* Begin PBXFileReference section */
		3EFDF396692AD089ED72D924 /* Pods_Flood.framework */ = {isa = PBXFileReference; explicitFileType = wrapper.framework; includeInIndex = 0; path = Pods_Flood.framework; sourceTree = BUILT_PRODUCTS_DIR; };
		5170974DAA81C99DE6E088BE /* Pods-Flood.release.xcconfig */ = {isa = PBXFileReference; includeInIndex = 1; lastKnownFileType = text.xcconfig; name = "Pods-Flood.release.xcconfig"; path = "Target Support Files/Pods-Flood/Pods-Flood.release.xcconfig"; sourceTree = "<group>"; };
		5E2B633423B64160002B4F13 /* PostImageCVC.swift */ = {isa = PBXFileReference; lastKnownFileType = sourcecode.swift; path = PostImageCVC.swift; sourceTree = "<group>"; };
		5E2B636F23B72085002B4F13 /* Flood.entitlements */ = {isa = PBXFileReference; lastKnownFileType = text.plist.entitlements; path = Flood.entitlements; sourceTree = "<group>"; };
		5E3D1AB623B73782005F7861 /* PostShareExtension.appex */ = {isa = PBXFileReference; explicitFileType = "wrapper.app-extension"; includeInIndex = 0; path = PostShareExtension.appex; sourceTree = BUILT_PRODUCTS_DIR; };
		5E3D1AB823B73782005F7861 /* ShareViewController.swift */ = {isa = PBXFileReference; lastKnownFileType = sourcecode.swift; path = ShareViewController.swift; sourceTree = "<group>"; };
		5E3D1ABB23B73782005F7861 /* Base */ = {isa = PBXFileReference; lastKnownFileType = file.storyboard; name = Base; path = Base.lproj/MainInterface.storyboard; sourceTree = "<group>"; };
		5E3D1ABD23B73782005F7861 /* Info.plist */ = {isa = PBXFileReference; lastKnownFileType = text.plist.xml; path = Info.plist; sourceTree = "<group>"; };
		5E3D1AC423B73787005F7861 /* PostShareExtension.entitlements */ = {isa = PBXFileReference; lastKnownFileType = text.plist.entitlements; path = PostShareExtension.entitlements; sourceTree = "<group>"; };
		5E3D1AC623B78902005F7861 /* NetworkResult.swift */ = {isa = PBXFileReference; lastKnownFileType = sourcecode.swift; path = NetworkResult.swift; sourceTree = "<group>"; };
		5E64E08B23B309FA00A54B9A /* UIColor+extension.swift */ = {isa = PBXFileReference; lastKnownFileType = sourcecode.swift; path = "UIColor+extension.swift"; sourceTree = "<group>"; };
		5E64E08D23B3265500A54B9A /* UITextView+Extension.swift */ = {isa = PBXFileReference; lastKnownFileType = sourcecode.swift; path = "UITextView+Extension.swift"; sourceTree = "<group>"; };
		5E64E09123B4A3D500A54B9A /* UINavigationController+Extensions.swift */ = {isa = PBXFileReference; lastKnownFileType = sourcecode.swift; path = "UINavigationController+Extensions.swift"; sourceTree = "<group>"; };
		5E79348E23B8A21000E6862A /* CategoryTableViewController.swift */ = {isa = PBXFileReference; lastKnownFileType = sourcecode.swift; path = CategoryTableViewController.swift; sourceTree = "<group>"; };
		5EA3E04A23AF9A0200CAB6F2 /* Flood.app */ = {isa = PBXFileReference; explicitFileType = wrapper.application; includeInIndex = 0; path = Flood.app; sourceTree = BUILT_PRODUCTS_DIR; };
		5EA3E04D23AF9A0200CAB6F2 /* AppDelegate.swift */ = {isa = PBXFileReference; lastKnownFileType = sourcecode.swift; path = AppDelegate.swift; sourceTree = "<group>"; };
		5EA3E04F23AF9A0200CAB6F2 /* SceneDelegate.swift */ = {isa = PBXFileReference; lastKnownFileType = sourcecode.swift; path = SceneDelegate.swift; sourceTree = "<group>"; };
		5EA3E05423AF9A0200CAB6F2 /* Base */ = {isa = PBXFileReference; lastKnownFileType = file.storyboard; name = Base; path = Base.lproj/Init.storyboard; sourceTree = "<group>"; };
		5EA3E05623AF9A0700CAB6F2 /* Assets.xcassets */ = {isa = PBXFileReference; lastKnownFileType = folder.assetcatalog; path = Assets.xcassets; sourceTree = "<group>"; };
		5EA3E05923AF9A0700CAB6F2 /* Base */ = {isa = PBXFileReference; lastKnownFileType = file.storyboard; name = Base; path = Base.lproj/LaunchScreen.storyboard; sourceTree = "<group>"; };
		5EA3E05B23AF9A0700CAB6F2 /* Info.plist */ = {isa = PBXFileReference; lastKnownFileType = text.plist.xml; path = Info.plist; sourceTree = "<group>"; };
		5EB1249523B8632E00A89A47 /* CategoryViewController.swift */ = {isa = PBXFileReference; lastKnownFileType = sourcecode.swift; path = CategoryViewController.swift; sourceTree = "<group>"; };
		5EB1249723B8744800A89A47 /* CategoryTableViewCell.swift */ = {isa = PBXFileReference; lastKnownFileType = sourcecode.swift; path = CategoryTableViewCell.swift; sourceTree = "<group>"; };
		5ED2093123B0338A00540877 /* Bookmark.storyboard */ = {isa = PBXFileReference; lastKnownFileType = file.storyboard; path = Bookmark.storyboard; sourceTree = "<group>"; };
		5ED2093323B033AF00540877 /* Main.storyboard */ = {isa = PBXFileReference; lastKnownFileType = file.storyboard; path = Main.storyboard; sourceTree = "<group>"; };
		5ED2093523B033BB00540877 /* Mypage.storyboard */ = {isa = PBXFileReference; lastKnownFileType = file.storyboard; path = Mypage.storyboard; sourceTree = "<group>"; };
		5ED2093723B035B900540877 /* Alarm.storyboard */ = {isa = PBXFileReference; lastKnownFileType = file.storyboard; path = Alarm.storyboard; sourceTree = "<group>"; };
		5ED2093923B0368600540877 /* Post.storyboard */ = {isa = PBXFileReference; lastKnownFileType = file.storyboard; path = Post.storyboard; sourceTree = "<group>"; };
		5ED2093B23B03C6200540877 /* InitViewController.swift */ = {isa = PBXFileReference; lastKnownFileType = sourcecode.swift; path = InitViewController.swift; sourceTree = "<group>"; };
		5ED2093D23B03C6E00540877 /* MainViewController.swift */ = {isa = PBXFileReference; lastKnownFileType = sourcecode.swift; path = MainViewController.swift; sourceTree = "<group>"; };
		5ED2093F23B03C7700540877 /* BookmarkViewController.swift */ = {isa = PBXFileReference; lastKnownFileType = sourcecode.swift; path = BookmarkViewController.swift; sourceTree = "<group>"; };
		5ED2094123B03C8300540877 /* PostViewController.swift */ = {isa = PBXFileReference; lastKnownFileType = sourcecode.swift; path = PostViewController.swift; sourceTree = "<group>"; };
		5ED2094323B03C9400540877 /* AlarmViewController.swift */ = {isa = PBXFileReference; lastKnownFileType = sourcecode.swift; path = AlarmViewController.swift; sourceTree = "<group>"; };
		5ED2094523B03C9F00540877 /* MypageViewController.swift */ = {isa = PBXFileReference; lastKnownFileType = sourcecode.swift; path = MypageViewController.swift; sourceTree = "<group>"; };
		5ED2094823B05A1500540877 /* MainTabBarController.swift */ = {isa = PBXFileReference; lastKnownFileType = sourcecode.swift; path = MainTabBarController.swift; sourceTree = "<group>"; };
		5ED2094A23B0D1A000540877 /* APIConstants.swift */ = {isa = PBXFileReference; lastKnownFileType = sourcecode.swift; path = APIConstants.swift; sourceTree = "<group>"; };
		5ED2094C23B0D1A800540877 /* Model.swift */ = {isa = PBXFileReference; lastKnownFileType = sourcecode.swift; path = Model.swift; sourceTree = "<group>"; };
		5ED2094E23B0D1B200540877 /* UIView+Exension.swift */ = {isa = PBXFileReference; lastKnownFileType = sourcecode.swift; path = "UIView+Exension.swift"; sourceTree = "<group>"; };
		5ED2095123B0DF4200540877 /* MypageSettingViewController.swift */ = {isa = PBXFileReference; lastKnownFileType = sourcecode.swift; path = MypageSettingViewController.swift; sourceTree = "<group>"; };
		5ED2095323B185F200540877 /* EditFlipViewController.swift */ = {isa = PBXFileReference; lastKnownFileType = sourcecode.swift; path = EditFlipViewController.swift; sourceTree = "<group>"; };
		5ED2095923B1B29F00540877 /* MypageFlipCollectionViewCell.swift */ = {isa = PBXFileReference; lastKnownFileType = sourcecode.swift; path = MypageFlipCollectionViewCell.swift; sourceTree = "<group>"; };
		5ED2095D23B22CCC00540877 /* NotoSansCJKkr-Light.otf */ = {isa = PBXFileReference; lastKnownFileType = file; path = "NotoSansCJKkr-Light.otf"; sourceTree = "<group>"; };
		5ED2095E23B22CCD00540877 /* NotoSansCJKkr-Black.otf */ = {isa = PBXFileReference; lastKnownFileType = file; path = "NotoSansCJKkr-Black.otf"; sourceTree = "<group>"; };
		5ED2095F23B22CCF00540877 /* NotoSansCJKkr-Thin.otf */ = {isa = PBXFileReference; lastKnownFileType = file; path = "NotoSansCJKkr-Thin.otf"; sourceTree = "<group>"; };
		5ED2096023B22CD100540877 /* NotoSansCJKkr-Bold.otf */ = {isa = PBXFileReference; lastKnownFileType = file; path = "NotoSansCJKkr-Bold.otf"; sourceTree = "<group>"; };
		5ED2096123B22CD300540877 /* NotoSansCJKkr-Medium.otf */ = {isa = PBXFileReference; lastKnownFileType = file; path = "NotoSansCJKkr-Medium.otf"; sourceTree = "<group>"; };
		5ED2096223B22CD400540877 /* NotoSansCJKkr-Regular.otf */ = {isa = PBXFileReference; lastKnownFileType = file; path = "NotoSansCJKkr-Regular.otf"; sourceTree = "<group>"; };
		5ED2096323B22CD600540877 /* NotoSansMonoCJKkr-Regular.otf */ = {isa = PBXFileReference; lastKnownFileType = file; path = "NotoSansMonoCJKkr-Regular.otf"; sourceTree = "<group>"; };
		5ED2096423B22CD800540877 /* NotoSansMonoCJKkr-Bold.otf */ = {isa = PBXFileReference; lastKnownFileType = file; path = "NotoSansMonoCJKkr-Bold.otf"; sourceTree = "<group>"; };
		5ED2096523B22CD900540877 /* NotoSansCJKkr-DemiLight.otf */ = {isa = PBXFileReference; lastKnownFileType = file; path = "NotoSansCJKkr-DemiLight.otf"; sourceTree = "<group>"; };
		5ED2096F23B22CFD00540877 /* gilroy-light.otf */ = {isa = PBXFileReference; lastKnownFileType = file; path = "gilroy-light.otf"; sourceTree = "<group>"; };
		5ED2097023B22CFD00540877 /* gilroy-extrabold.otf */ = {isa = PBXFileReference; lastKnownFileType = file; path = "gilroy-extrabold.otf"; sourceTree = "<group>"; };
		5ED2097323B2500000540877 /* CALayer+Extensions.swift */ = {isa = PBXFileReference; lastKnownFileType = sourcecode.swift; path = "CALayer+Extensions.swift"; sourceTree = "<group>"; };
		5ED2097523B266CB00540877 /* UIViewcontroller+extensions.swift */ = {isa = PBXFileReference; lastKnownFileType = sourcecode.swift; path = "UIViewcontroller+extensions.swift"; sourceTree = "<group>"; };
		5ED2097723B26E6000540877 /* CGFloat+extension.swift */ = {isa = PBXFileReference; lastKnownFileType = sourcecode.swift; path = "CGFloat+extension.swift"; sourceTree = "<group>"; };
		A13763C323B74334001E7EB8 /* ThisWeekCell2.swift */ = {isa = PBXFileReference; lastKnownFileType = sourcecode.swift; path = ThisWeekCell2.swift; sourceTree = "<group>"; };
		A13763C523B74344001E7EB8 /* ThisWeekCell3.swift */ = {isa = PBXFileReference; lastKnownFileType = sourcecode.swift; path = ThisWeekCell3.swift; sourceTree = "<group>"; };
		A164663723B5B78000F18A87 /* NewsSharePostDetailView.swift */ = {isa = PBXFileReference; lastKnownFileType = sourcecode.swift; path = NewsSharePostDetailView.swift; sourceTree = "<group>"; };
		A164663923B5B7BE00F18A87 /* CommentCell.swift */ = {isa = PBXFileReference; lastKnownFileType = sourcecode.swift; path = CommentCell.swift; sourceTree = "<group>"; };
		A164663B23B5C18300F18A87 /* Comment.swift */ = {isa = PBXFileReference; lastKnownFileType = sourcecode.swift; path = Comment.swift; sourceTree = "<group>"; };
		A164663D23B5C4F500F18A87 /* UIButton+Extensions.swift */ = {isa = PBXFileReference; lastKnownFileType = sourcecode.swift; path = "UIButton+Extensions.swift"; sourceTree = "<group>"; };
		A19D25B123B4C28A00B929A6 /* ThisWeekCell.swift */ = {isa = PBXFileReference; lastKnownFileType = sourcecode.swift; path = ThisWeekCell.swift; sourceTree = "<group>"; };
		A19D25B323B4C40100B929A6 /* MainCatarogyCell.swift */ = {isa = PBXFileReference; lastKnownFileType = sourcecode.swift; path = MainCatarogyCell.swift; sourceTree = "<group>"; };
		A19D25B523B4C9B800B929A6 /* NewsSharePostCell.swift */ = {isa = PBXFileReference; lastKnownFileType = sourcecode.swift; path = NewsSharePostCell.swift; sourceTree = "<group>"; };
		A19D25B723B4D08A00B929A6 /* PicturePostCell.swift */ = {isa = PBXFileReference; lastKnownFileType = sourcecode.swift; path = PicturePostCell.swift; sourceTree = "<group>"; };
		A19D25B923B4D0A400B929A6 /* PostCell.swift */ = {isa = PBXFileReference; lastKnownFileType = sourcecode.swift; path = PostCell.swift; sourceTree = "<group>"; };
		A1CA098523B85F3800FA146F /* PopupCell.swift */ = {isa = PBXFileReference; lastKnownFileType = sourcecode.swift; path = PopupCell.swift; sourceTree = "<group>"; };
		A1CA098723B8603700FA146F /* PopupViewController.swift */ = {isa = PBXFileReference; lastKnownFileType = sourcecode.swift; path = PopupViewController.swift; sourceTree = "<group>"; };
		A1CA098923B8A94500FA146F /* PostTop3.swift */ = {isa = PBXFileReference; lastKnownFileType = sourcecode.swift; path = PostTop3.swift; sourceTree = "<group>"; };
		A1CA098B23B8AD9000FA146F /* PostTop3Services.swift */ = {isa = PBXFileReference; lastKnownFileType = sourcecode.swift; path = PostTop3Services.swift; sourceTree = "<group>"; };
		B350A24B804B2C72EA66E070 /* Pods-Flood.debug.xcconfig */ = {isa = PBXFileReference; includeInIndex = 1; lastKnownFileType = text.xcconfig; name = "Pods-Flood.debug.xcconfig"; path = "Target Support Files/Pods-Flood/Pods-Flood.debug.xcconfig"; sourceTree = "<group>"; };
/* End PBXFileReference section */

/* Begin PBXFrameworksBuildPhase section */
		5E3D1AB323B73782005F7861 /* Frameworks */ = {
			isa = PBXFrameworksBuildPhase;
			buildActionMask = 2147483647;
			files = (
			);
			runOnlyForDeploymentPostprocessing = 0;
		};
		5EA3E04723AF9A0100CAB6F2 /* Frameworks */ = {
			isa = PBXFrameworksBuildPhase;
			buildActionMask = 2147483647;
			files = (
				40501875B830FC464BB6DFB8 /* Pods_Flood.framework in Frameworks */,
			);
			runOnlyForDeploymentPostprocessing = 0;
		};
/* End PBXFrameworksBuildPhase section */

/* Begin PBXGroup section */
		338D1015CB94AEE49F0A15D5 /* Frameworks */ = {
			isa = PBXGroup;
			children = (
				3EFDF396692AD089ED72D924 /* Pods_Flood.framework */,
			);
			name = Frameworks;
			sourceTree = "<group>";
		};
		5E2B633323B64132002B4F13 /* Post */ = {
			isa = PBXGroup;
			children = (
				5E2B633423B64160002B4F13 /* PostImageCVC.swift */,
				5EB1249723B8744800A89A47 /* CategoryTableViewCell.swift */,
			);
			path = Post;
			sourceTree = "<group>";
		};
		5E3D1AB723B73782005F7861 /* PostShareExtension */ = {
			isa = PBXGroup;
			children = (
				5E3D1AC423B73787005F7861 /* PostShareExtension.entitlements */,
				5E3D1AB823B73782005F7861 /* ShareViewController.swift */,
				5E3D1ABA23B73782005F7861 /* MainInterface.storyboard */,
				5E3D1ABD23B73782005F7861 /* Info.plist */,
				5E79348E23B8A21000E6862A /* CategoryTableViewController.swift */,
			);
			path = PostShareExtension;
			sourceTree = "<group>";
		};
		5E3D1AC523B739C8005F7861 /* Util */ = {
			isa = PBXGroup;
			children = (
			);
			path = Util;
			sourceTree = "<group>";
		};
		5EA3E04123AF9A0100CAB6F2 = {
			isa = PBXGroup;
			children = (
				5EA3E04C23AF9A0200CAB6F2 /* Flood */,
				5E3D1AB723B73782005F7861 /* PostShareExtension */,
				5EA3E04B23AF9A0200CAB6F2 /* Products */,
				6772DA4F233D021CC7E7D50E /* Pods */,
				338D1015CB94AEE49F0A15D5 /* Frameworks */,
			);
			sourceTree = "<group>";
		};
		5EA3E04B23AF9A0200CAB6F2 /* Products */ = {
			isa = PBXGroup;
			children = (
				5EA3E04A23AF9A0200CAB6F2 /* Flood.app */,
				5E3D1AB623B73782005F7861 /* PostShareExtension.appex */,
			);
			name = Products;
			sourceTree = "<group>";
		};
		5EA3E04C23AF9A0200CAB6F2 /* Flood */ = {
			isa = PBXGroup;
			children = (
				5E2B636F23B72085002B4F13 /* Flood.entitlements */,
				5EA3E06323B031A100CAB6F2 /* Sources */,
				5EA3E06223AFB15100CAB6F2 /* Resources */,
				5EA3E06123AFB14500CAB6F2 /* Supporting Files */,
			);
			path = Flood;
			sourceTree = "<group>";
		};
		5EA3E06123AFB14500CAB6F2 /* Supporting Files */ = {
			isa = PBXGroup;
			children = (
				5EA3E04D23AF9A0200CAB6F2 /* AppDelegate.swift */,
				5EA3E04F23AF9A0200CAB6F2 /* SceneDelegate.swift */,
				5EA3E05B23AF9A0700CAB6F2 /* Info.plist */,
			);
			path = "Supporting Files";
			sourceTree = "<group>";
		};
		5EA3E06223AFB15100CAB6F2 /* Resources */ = {
			isa = PBXGroup;
			children = (
				5E3D1AC523B739C8005F7861 /* Util */,
				5ED2095C23B22C8200540877 /* Fonts */,
				5ED2094723B0519900540877 /* Storyboards */,
				5EA3E05623AF9A0700CAB6F2 /* Assets.xcassets */,
			);
			path = Resources;
			sourceTree = "<group>";
		};
		5EA3E06323B031A100CAB6F2 /* Sources */ = {
			isa = PBXGroup;
			children = (
				5EA3E06723B031F500CAB6F2 /* ViewController */,
				5EA3E06623B031EE00CAB6F2 /* Service */,
				5EA3E06523B031EA00CAB6F2 /* Model */,
				5EA3E06423B031E000CAB6F2 /* Extensions */,
			);
			path = Sources;
			sourceTree = "<group>";
		};
		5EA3E06423B031E000CAB6F2 /* Extensions */ = {
			isa = PBXGroup;
			children = (
				5ED2094E23B0D1B200540877 /* UIView+Exension.swift */,
				5ED2097323B2500000540877 /* CALayer+Extensions.swift */,
				5ED2097523B266CB00540877 /* UIViewcontroller+extensions.swift */,
				5ED2097723B26E6000540877 /* CGFloat+extension.swift */,
				5E64E08B23B309FA00A54B9A /* UIColor+extension.swift */,
				5E64E08D23B3265500A54B9A /* UITextView+Extension.swift */,
				5E64E09123B4A3D500A54B9A /* UINavigationController+Extensions.swift */,
				A164663D23B5C4F500F18A87 /* UIButton+Extensions.swift */,
			);
			path = Extensions;
			sourceTree = "<group>";
		};
		5EA3E06523B031EA00CAB6F2 /* Model */ = {
			isa = PBXGroup;
			children = (
				5E2B633323B64132002B4F13 /* Post */,
				5ED2094C23B0D1A800540877 /* Model.swift */,
				A1CA098523B85F3800FA146F /* PopupCell.swift */,
				A19D25B123B4C28A00B929A6 /* ThisWeekCell.swift */,
				A13763C523B74344001E7EB8 /* ThisWeekCell3.swift */,
				A13763C323B74334001E7EB8 /* ThisWeekCell2.swift */,
				A19D25B323B4C40100B929A6 /* MainCatarogyCell.swift */,
				A19D25B523B4C9B800B929A6 /* NewsSharePostCell.swift */,
				A19D25B723B4D08A00B929A6 /* PicturePostCell.swift */,
				A19D25B923B4D0A400B929A6 /* PostCell.swift */,
				A164663923B5B7BE00F18A87 /* CommentCell.swift */,
				A164663B23B5C18300F18A87 /* Comment.swift */,
			);
			path = Model;
			sourceTree = "<group>";
		};
		5EA3E06623B031EE00CAB6F2 /* Service */ = {
			isa = PBXGroup;
			children = (
				5ED2094A23B0D1A000540877 /* APIConstants.swift */,
				5E3D1AC623B78902005F7861 /* NetworkResult.swift */,
				A1CA098923B8A94500FA146F /* PostTop3.swift */,
				A1CA098B23B8AD9000FA146F /* PostTop3Services.swift */,
			);
			path = Service;
			sourceTree = "<group>";
		};
		5EA3E06723B031F500CAB6F2 /* ViewController */ = {
			isa = PBXGroup;
			children = (
				5ED2095B23B216EA00540877 /* Post */,
				5ED2095023B0DF0A00540877 /* Mypage */,
				5ED2093B23B03C6200540877 /* InitViewController.swift */,
				5ED2093D23B03C6E00540877 /* MainViewController.swift */,
				5ED2093F23B03C7700540877 /* BookmarkViewController.swift */,
				5ED2094323B03C9400540877 /* AlarmViewController.swift */,
				5ED2094823B05A1500540877 /* MainTabBarController.swift */,
			);
			path = ViewController;
			sourceTree = "<group>";
		};
		5ED2094723B0519900540877 /* Storyboards */ = {
			isa = PBXGroup;
			children = (
				5ED2093323B033AF00540877 /* Main.storyboard */,
				5EA3E05823AF9A0700CAB6F2 /* LaunchScreen.storyboard */,
				5EA3E05323AF9A0200CAB6F2 /* Init.storyboard */,
				5ED2093123B0338A00540877 /* Bookmark.storyboard */,
				5ED2093923B0368600540877 /* Post.storyboard */,
				5ED2093723B035B900540877 /* Alarm.storyboard */,
				5ED2093523B033BB00540877 /* Mypage.storyboard */,
			);
			path = Storyboards;
			sourceTree = "<group>";
		};
		5ED2095023B0DF0A00540877 /* Mypage */ = {
			isa = PBXGroup;
			children = (
				5ED2094523B03C9F00540877 /* MypageViewController.swift */,
				5ED2095323B185F200540877 /* EditFlipViewController.swift */,
				5ED2095123B0DF4200540877 /* MypageSettingViewController.swift */,
				5ED2095923B1B29F00540877 /* MypageFlipCollectionViewCell.swift */,
				A164663723B5B78000F18A87 /* NewsSharePostDetailView.swift */,
				A1CA098723B8603700FA146F /* PopupViewController.swift */,
			);
			path = Mypage;
			sourceTree = "<group>";
		};
		5ED2095B23B216EA00540877 /* Post */ = {
			isa = PBXGroup;
			children = (
				5ED2094123B03C8300540877 /* PostViewController.swift */,
				5EB1249523B8632E00A89A47 /* CategoryViewController.swift */,
			);
			path = Post;
			sourceTree = "<group>";
		};
		5ED2095C23B22C8200540877 /* Fonts */ = {
			isa = PBXGroup;
			children = (
				5ED2097023B22CFD00540877 /* gilroy-extrabold.otf */,
				5ED2096F23B22CFD00540877 /* gilroy-light.otf */,
				5ED2095E23B22CCD00540877 /* NotoSansCJKkr-Black.otf */,
				5ED2096023B22CD100540877 /* NotoSansCJKkr-Bold.otf */,
				5ED2096523B22CD900540877 /* NotoSansCJKkr-DemiLight.otf */,
				5ED2095D23B22CCC00540877 /* NotoSansCJKkr-Light.otf */,
				5ED2096123B22CD300540877 /* NotoSansCJKkr-Medium.otf */,
				5ED2096223B22CD400540877 /* NotoSansCJKkr-Regular.otf */,
				5ED2095F23B22CCF00540877 /* NotoSansCJKkr-Thin.otf */,
				5ED2096423B22CD800540877 /* NotoSansMonoCJKkr-Bold.otf */,
				5ED2096323B22CD600540877 /* NotoSansMonoCJKkr-Regular.otf */,
			);
			path = Fonts;
			sourceTree = "<group>";
		};
		6772DA4F233D021CC7E7D50E /* Pods */ = {
			isa = PBXGroup;
			children = (
				B350A24B804B2C72EA66E070 /* Pods-Flood.debug.xcconfig */,
				5170974DAA81C99DE6E088BE /* Pods-Flood.release.xcconfig */,
			);
			path = Pods;
			sourceTree = "<group>";
		};
/* End PBXGroup section */

/* Begin PBXNativeTarget section */
		5E3D1AB523B73782005F7861 /* PostShareExtension */ = {
			isa = PBXNativeTarget;
			buildConfigurationList = 5E3D1AC123B73782005F7861 /* Build configuration list for PBXNativeTarget "PostShareExtension" */;
			buildPhases = (
				5E3D1AB223B73782005F7861 /* Sources */,
				5E3D1AB323B73782005F7861 /* Frameworks */,
				5E3D1AB423B73782005F7861 /* Resources */,
			);
			buildRules = (
			);
			dependencies = (
			);
			name = PostShareExtension;
			productName = PostShareExtension;
			productReference = 5E3D1AB623B73782005F7861 /* PostShareExtension.appex */;
			productType = "com.apple.product-type.app-extension";
		};
		5EA3E04923AF9A0100CAB6F2 /* Flood */ = {
			isa = PBXNativeTarget;
			buildConfigurationList = 5EA3E05E23AF9A0700CAB6F2 /* Build configuration list for PBXNativeTarget "Flood" */;
			buildPhases = (
				76C782214289A7B4C8AE1E86 /* [CP] Check Pods Manifest.lock */,
				5EA3E04623AF9A0100CAB6F2 /* Sources */,
				5EA3E04723AF9A0100CAB6F2 /* Frameworks */,
				5EA3E04823AF9A0100CAB6F2 /* Resources */,
				91D5E86314853D3D4EC1C11A /* [CP] Embed Pods Frameworks */,
				5E2B634823B70FA0002B4F13 /* Embed App Extensions */,
			);
			buildRules = (
			);
			dependencies = (
				5E3D1ABF23B73782005F7861 /* PBXTargetDependency */,
			);
			name = Flood;
			productName = Flood;
			productReference = 5EA3E04A23AF9A0200CAB6F2 /* Flood.app */;
			productType = "com.apple.product-type.application";
		};
/* End PBXNativeTarget section */

/* Begin PBXProject section */
		5EA3E04223AF9A0100CAB6F2 /* Project object */ = {
			isa = PBXProject;
			attributes = {
				LastSwiftUpdateCheck = 1130;
				LastUpgradeCheck = 1130;
				ORGANIZATIONNAME = Junhyeon;
				TargetAttributes = {
					5E3D1AB523B73782005F7861 = {
						CreatedOnToolsVersion = 11.3;
					};
					5EA3E04923AF9A0100CAB6F2 = {
						CreatedOnToolsVersion = 11.3;
					};
				};
			};
			buildConfigurationList = 5EA3E04523AF9A0100CAB6F2 /* Build configuration list for PBXProject "Flood" */;
			compatibilityVersion = "Xcode 9.3";
			developmentRegion = en;
			hasScannedForEncodings = 0;
			knownRegions = (
				en,
				Base,
			);
			mainGroup = 5EA3E04123AF9A0100CAB6F2;
			productRefGroup = 5EA3E04B23AF9A0200CAB6F2 /* Products */;
			projectDirPath = "";
			projectRoot = "";
			targets = (
				5EA3E04923AF9A0100CAB6F2 /* Flood */,
				5E3D1AB523B73782005F7861 /* PostShareExtension */,
			);
		};
/* End PBXProject section */

/* Begin PBXResourcesBuildPhase section */
		5E3D1AB423B73782005F7861 /* Resources */ = {
			isa = PBXResourcesBuildPhase;
			buildActionMask = 2147483647;
			files = (
				5E3D1ABC23B73782005F7861 /* MainInterface.storyboard in Resources */,
			);
			runOnlyForDeploymentPostprocessing = 0;
		};
		5EA3E04823AF9A0100CAB6F2 /* Resources */ = {
			isa = PBXResourcesBuildPhase;
			buildActionMask = 2147483647;
			files = (
				5ED2096723B22CD900540877 /* NotoSansCJKkr-Black.otf in Resources */,
				5ED2096B23B22CD900540877 /* NotoSansCJKkr-Regular.otf in Resources */,
				5ED2096D23B22CD900540877 /* NotoSansMonoCJKkr-Bold.otf in Resources */,
				5ED2093223B0338A00540877 /* Bookmark.storyboard in Resources */,
				5ED2093A23B0368600540877 /* Post.storyboard in Resources */,
				5ED2093623B033BB00540877 /* Mypage.storyboard in Resources */,
				5ED2093423B033AF00540877 /* Main.storyboard in Resources */,
				5ED2096923B22CD900540877 /* NotoSansCJKkr-Bold.otf in Resources */,
				5ED2093823B035B900540877 /* Alarm.storyboard in Resources */,
				5EA3E05A23AF9A0700CAB6F2 /* LaunchScreen.storyboard in Resources */,
				5ED2097123B22CFE00540877 /* gilroy-light.otf in Resources */,
				5ED2096C23B22CD900540877 /* NotoSansMonoCJKkr-Regular.otf in Resources */,
				5EA3E05723AF9A0700CAB6F2 /* Assets.xcassets in Resources */,
				5ED2096623B22CD900540877 /* NotoSansCJKkr-Light.otf in Resources */,
				5ED2096A23B22CD900540877 /* NotoSansCJKkr-Medium.otf in Resources */,
				5ED2096E23B22CD900540877 /* NotoSansCJKkr-DemiLight.otf in Resources */,
				5ED2097223B22CFE00540877 /* gilroy-extrabold.otf in Resources */,
				5EA3E05523AF9A0200CAB6F2 /* Init.storyboard in Resources */,
				5ED2096823B22CD900540877 /* NotoSansCJKkr-Thin.otf in Resources */,
			);
			runOnlyForDeploymentPostprocessing = 0;
		};
/* End PBXResourcesBuildPhase section */

/* Begin PBXShellScriptBuildPhase section */
		76C782214289A7B4C8AE1E86 /* [CP] Check Pods Manifest.lock */ = {
			isa = PBXShellScriptBuildPhase;
			buildActionMask = 2147483647;
			files = (
			);
			inputFileListPaths = (
			);
			inputPaths = (
				"${PODS_PODFILE_DIR_PATH}/Podfile.lock",
				"${PODS_ROOT}/Manifest.lock",
			);
			name = "[CP] Check Pods Manifest.lock";
			outputFileListPaths = (
			);
			outputPaths = (
				"$(DERIVED_FILE_DIR)/Pods-Flood-checkManifestLockResult.txt",
			);
			runOnlyForDeploymentPostprocessing = 0;
			shellPath = /bin/sh;
			shellScript = "diff \"${PODS_PODFILE_DIR_PATH}/Podfile.lock\" \"${PODS_ROOT}/Manifest.lock\" > /dev/null\nif [ $? != 0 ] ; then\n    # print error to STDERR\n    echo \"error: The sandbox is not in sync with the Podfile.lock. Run 'pod install' or update your CocoaPods installation.\" >&2\n    exit 1\nfi\n# This output is used by Xcode 'outputs' to avoid re-running this script phase.\necho \"SUCCESS\" > \"${SCRIPT_OUTPUT_FILE_0}\"\n";
			showEnvVarsInLog = 0;
		};
		91D5E86314853D3D4EC1C11A /* [CP] Embed Pods Frameworks */ = {
			isa = PBXShellScriptBuildPhase;
			buildActionMask = 2147483647;
			files = (
			);
			inputFileListPaths = (
				"${PODS_ROOT}/Target Support Files/Pods-Flood/Pods-Flood-frameworks-${CONFIGURATION}-input-files.xcfilelist",
			);
			name = "[CP] Embed Pods Frameworks";
			outputFileListPaths = (
				"${PODS_ROOT}/Target Support Files/Pods-Flood/Pods-Flood-frameworks-${CONFIGURATION}-output-files.xcfilelist",
			);
			runOnlyForDeploymentPostprocessing = 0;
			shellPath = /bin/sh;
			shellScript = "\"${PODS_ROOT}/Target Support Files/Pods-Flood/Pods-Flood-frameworks.sh\"\n";
			showEnvVarsInLog = 0;
		};
/* End PBXShellScriptBuildPhase section */

/* Begin PBXSourcesBuildPhase section */
		5E3D1AB223B73782005F7861 /* Sources */ = {
			isa = PBXSourcesBuildPhase;
			buildActionMask = 2147483647;
			files = (
				5E3D1AB923B73782005F7861 /* ShareViewController.swift in Sources */,
				5E79348F23B8A21000E6862A /* CategoryTableViewController.swift in Sources */,
			);
			runOnlyForDeploymentPostprocessing = 0;
		};
		5EA3E04623AF9A0100CAB6F2 /* Sources */ = {
			isa = PBXSourcesBuildPhase;
			buildActionMask = 2147483647;
			files = (
				A19D25B423B4C40100B929A6 /* MainCatarogyCell.swift in Sources */,
				5EA3E04E23AF9A0200CAB6F2 /* AppDelegate.swift in Sources */,
				5EA3E05023AF9A0200CAB6F2 /* SceneDelegate.swift in Sources */,
				5ED2094923B05A1500540877 /* MainTabBarController.swift in Sources */,
				A13763C423B74334001E7EB8 /* ThisWeekCell2.swift in Sources */,
				5E64E08E23B3265500A54B9A /* UITextView+Extension.swift in Sources */,
				5ED2094423B03C9400540877 /* AlarmViewController.swift in Sources */,
				5ED2093C23B03C6200540877 /* InitViewController.swift in Sources */,
				A1CA098A23B8A94500FA146F /* PostTop3.swift in Sources */,
				A1CA098C23B8AD9000FA146F /* PostTop3Services.swift in Sources */,
				5ED2093E23B03C6E00540877 /* MainViewController.swift in Sources */,
				A19D25B623B4C9B800B929A6 /* NewsSharePostCell.swift in Sources */,
				5ED2094023B03C7700540877 /* BookmarkViewController.swift in Sources */,
				5ED2097623B266CB00540877 /* UIViewcontroller+extensions.swift in Sources */,
				A164663C23B5C18300F18A87 /* Comment.swift in Sources */,
				5ED2094B23B0D1A000540877 /* APIConstants.swift in Sources */,
				A13763C623B74344001E7EB8 /* ThisWeekCell3.swift in Sources */,
				5E3D1AC723B78902005F7861 /* NetworkResult.swift in Sources */,
				A164663E23B5C4F500F18A87 /* UIButton+Extensions.swift in Sources */,
				5ED2095223B0DF4200540877 /* MypageSettingViewController.swift in Sources */,
				5ED2095A23B1B29F00540877 /* MypageFlipCollectionViewCell.swift in Sources */,
				5ED2097423B2500000540877 /* CALayer+Extensions.swift in Sources */,
				A19D25BA23B4D0A400B929A6 /* PostCell.swift in Sources */,
				A1CA098823B8603700FA146F /* PopupViewController.swift in Sources */,
				5E64E09223B4A3D500A54B9A /* UINavigationController+Extensions.swift in Sources */,
				A164663823B5B78000F18A87 /* NewsSharePostDetailView.swift in Sources */,
				5ED2094D23B0D1A800540877 /* Model.swift in Sources */,
				A19D25B223B4C28A00B929A6 /* ThisWeekCell.swift in Sources */,
				5ED2094223B03C8300540877 /* PostViewController.swift in Sources */,
				A19D25B823B4D08A00B929A6 /* PicturePostCell.swift in Sources */,
				5ED2097823B26E6000540877 /* CGFloat+extension.swift in Sources */,
				5ED2095423B185F200540877 /* EditFlipViewController.swift in Sources */,
				5ED2094F23B0D1B200540877 /* UIView+Exension.swift in Sources */,
				5EB1249623B8632E00A89A47 /* CategoryViewController.swift in Sources */,
				5ED2094623B03C9F00540877 /* MypageViewController.swift in Sources */,
				A1CA098623B85F3800FA146F /* PopupCell.swift in Sources */,
				5E64E08C23B309FA00A54B9A /* UIColor+extension.swift in Sources */,
				A164663A23B5B7BE00F18A87 /* CommentCell.swift in Sources */,
				5E2B633523B64160002B4F13 /* PostImageCVC.swift in Sources */,
				5EB1249823B8744800A89A47 /* CategoryTableViewCell.swift in Sources */,
			);
			runOnlyForDeploymentPostprocessing = 0;
		};
/* End PBXSourcesBuildPhase section */

/* Begin PBXTargetDependency section */
		5E3D1ABF23B73782005F7861 /* PBXTargetDependency */ = {
			isa = PBXTargetDependency;
			target = 5E3D1AB523B73782005F7861 /* PostShareExtension */;
			targetProxy = 5E3D1ABE23B73782005F7861 /* PBXContainerItemProxy */;
		};
/* End PBXTargetDependency section */

/* Begin PBXVariantGroup section */
		5E3D1ABA23B73782005F7861 /* MainInterface.storyboard */ = {
			isa = PBXVariantGroup;
			children = (
				5E3D1ABB23B73782005F7861 /* Base */,
			);
			name = MainInterface.storyboard;
			sourceTree = "<group>";
		};
		5EA3E05323AF9A0200CAB6F2 /* Init.storyboard */ = {
			isa = PBXVariantGroup;
			children = (
				5EA3E05423AF9A0200CAB6F2 /* Base */,
			);
			name = Init.storyboard;
			sourceTree = "<group>";
		};
		5EA3E05823AF9A0700CAB6F2 /* LaunchScreen.storyboard */ = {
			isa = PBXVariantGroup;
			children = (
				5EA3E05923AF9A0700CAB6F2 /* Base */,
			);
			name = LaunchScreen.storyboard;
			sourceTree = "<group>";
		};
/* End PBXVariantGroup section */

/* Begin XCBuildConfiguration section */
		5E3D1AC223B73782005F7861 /* Debug */ = {
			isa = XCBuildConfiguration;
			buildSettings = {
				CODE_SIGN_ENTITLEMENTS = PostShareExtension/PostShareExtension.entitlements;
				CODE_SIGN_STYLE = Automatic;
				DEVELOPMENT_TEAM = 78A867AHKF;
				INFOPLIST_FILE = PostShareExtension/Info.plist;
				LD_RUNPATH_SEARCH_PATHS = (
					"$(inherited)",
					"@executable_path/Frameworks",
					"@executable_path/../../Frameworks",
				);
				PRODUCT_BUNDLE_IDENTIFIER = flood.com.Flood.PostShareExtension;
				PRODUCT_NAME = "$(TARGET_NAME)";
				SKIP_INSTALL = YES;
				SWIFT_VERSION = 5.0;
				TARGETED_DEVICE_FAMILY = "1,2";
			};
			name = Debug;
		};
		5E3D1AC323B73782005F7861 /* Release */ = {
			isa = XCBuildConfiguration;
			buildSettings = {
				CODE_SIGN_ENTITLEMENTS = PostShareExtension/PostShareExtension.entitlements;
				CODE_SIGN_STYLE = Automatic;
				DEVELOPMENT_TEAM = 78A867AHKF;
				INFOPLIST_FILE = PostShareExtension/Info.plist;
				LD_RUNPATH_SEARCH_PATHS = (
					"$(inherited)",
					"@executable_path/Frameworks",
					"@executable_path/../../Frameworks",
				);
				PRODUCT_BUNDLE_IDENTIFIER = flood.com.Flood.PostShareExtension;
				PRODUCT_NAME = "$(TARGET_NAME)";
				SKIP_INSTALL = YES;
				SWIFT_VERSION = 5.0;
				TARGETED_DEVICE_FAMILY = "1,2";
			};
			name = Release;
		};
		5EA3E05C23AF9A0700CAB6F2 /* Debug */ = {
			isa = XCBuildConfiguration;
			buildSettings = {
				ALWAYS_SEARCH_USER_PATHS = NO;
				CLANG_ANALYZER_NONNULL = YES;
				CLANG_ANALYZER_NUMBER_OBJECT_CONVERSION = YES_AGGRESSIVE;
				CLANG_CXX_LANGUAGE_STANDARD = "gnu++14";
				CLANG_CXX_LIBRARY = "libc++";
				CLANG_ENABLE_MODULES = YES;
				CLANG_ENABLE_OBJC_ARC = YES;
				CLANG_ENABLE_OBJC_WEAK = YES;
				CLANG_WARN_BLOCK_CAPTURE_AUTORELEASING = YES;
				CLANG_WARN_BOOL_CONVERSION = YES;
				CLANG_WARN_COMMA = YES;
				CLANG_WARN_CONSTANT_CONVERSION = YES;
				CLANG_WARN_DEPRECATED_OBJC_IMPLEMENTATIONS = YES;
				CLANG_WARN_DIRECT_OBJC_ISA_USAGE = YES_ERROR;
				CLANG_WARN_DOCUMENTATION_COMMENTS = YES;
				CLANG_WARN_EMPTY_BODY = YES;
				CLANG_WARN_ENUM_CONVERSION = YES;
				CLANG_WARN_INFINITE_RECURSION = YES;
				CLANG_WARN_INT_CONVERSION = YES;
				CLANG_WARN_NON_LITERAL_NULL_CONVERSION = YES;
				CLANG_WARN_OBJC_IMPLICIT_RETAIN_SELF = YES;
				CLANG_WARN_OBJC_LITERAL_CONVERSION = YES;
				CLANG_WARN_OBJC_ROOT_CLASS = YES_ERROR;
				CLANG_WARN_RANGE_LOOP_ANALYSIS = YES;
				CLANG_WARN_STRICT_PROTOTYPES = YES;
				CLANG_WARN_SUSPICIOUS_MOVE = YES;
				CLANG_WARN_UNGUARDED_AVAILABILITY = YES_AGGRESSIVE;
				CLANG_WARN_UNREACHABLE_CODE = YES;
				CLANG_WARN__DUPLICATE_METHOD_MATCH = YES;
				COPY_PHASE_STRIP = NO;
				DEBUG_INFORMATION_FORMAT = dwarf;
				ENABLE_STRICT_OBJC_MSGSEND = YES;
				ENABLE_TESTABILITY = YES;
				GCC_C_LANGUAGE_STANDARD = gnu11;
				GCC_DYNAMIC_NO_PIC = NO;
				GCC_NO_COMMON_BLOCKS = YES;
				GCC_OPTIMIZATION_LEVEL = 0;
				GCC_PREPROCESSOR_DEFINITIONS = (
					"DEBUG=1",
					"$(inherited)",
				);
				GCC_WARN_64_TO_32_BIT_CONVERSION = YES;
				GCC_WARN_ABOUT_RETURN_TYPE = YES_ERROR;
				GCC_WARN_UNDECLARED_SELECTOR = YES;
				GCC_WARN_UNINITIALIZED_AUTOS = YES_AGGRESSIVE;
				GCC_WARN_UNUSED_FUNCTION = YES;
				GCC_WARN_UNUSED_VARIABLE = YES;
				IPHONEOS_DEPLOYMENT_TARGET = 13.2;
				MTL_ENABLE_DEBUG_INFO = INCLUDE_SOURCE;
				MTL_FAST_MATH = YES;
				ONLY_ACTIVE_ARCH = YES;
				SDKROOT = iphoneos;
				SWIFT_ACTIVE_COMPILATION_CONDITIONS = DEBUG;
				SWIFT_OPTIMIZATION_LEVEL = "-Onone";
			};
			name = Debug;
		};
		5EA3E05D23AF9A0700CAB6F2 /* Release */ = {
			isa = XCBuildConfiguration;
			buildSettings = {
				ALWAYS_SEARCH_USER_PATHS = NO;
				CLANG_ANALYZER_NONNULL = YES;
				CLANG_ANALYZER_NUMBER_OBJECT_CONVERSION = YES_AGGRESSIVE;
				CLANG_CXX_LANGUAGE_STANDARD = "gnu++14";
				CLANG_CXX_LIBRARY = "libc++";
				CLANG_ENABLE_MODULES = YES;
				CLANG_ENABLE_OBJC_ARC = YES;
				CLANG_ENABLE_OBJC_WEAK = YES;
				CLANG_WARN_BLOCK_CAPTURE_AUTORELEASING = YES;
				CLANG_WARN_BOOL_CONVERSION = YES;
				CLANG_WARN_COMMA = YES;
				CLANG_WARN_CONSTANT_CONVERSION = YES;
				CLANG_WARN_DEPRECATED_OBJC_IMPLEMENTATIONS = YES;
				CLANG_WARN_DIRECT_OBJC_ISA_USAGE = YES_ERROR;
				CLANG_WARN_DOCUMENTATION_COMMENTS = YES;
				CLANG_WARN_EMPTY_BODY = YES;
				CLANG_WARN_ENUM_CONVERSION = YES;
				CLANG_WARN_INFINITE_RECURSION = YES;
				CLANG_WARN_INT_CONVERSION = YES;
				CLANG_WARN_NON_LITERAL_NULL_CONVERSION = YES;
				CLANG_WARN_OBJC_IMPLICIT_RETAIN_SELF = YES;
				CLANG_WARN_OBJC_LITERAL_CONVERSION = YES;
				CLANG_WARN_OBJC_ROOT_CLASS = YES_ERROR;
				CLANG_WARN_RANGE_LOOP_ANALYSIS = YES;
				CLANG_WARN_STRICT_PROTOTYPES = YES;
				CLANG_WARN_SUSPICIOUS_MOVE = YES;
				CLANG_WARN_UNGUARDED_AVAILABILITY = YES_AGGRESSIVE;
				CLANG_WARN_UNREACHABLE_CODE = YES;
				CLANG_WARN__DUPLICATE_METHOD_MATCH = YES;
				COPY_PHASE_STRIP = NO;
				DEBUG_INFORMATION_FORMAT = "dwarf-with-dsym";
				ENABLE_NS_ASSERTIONS = NO;
				ENABLE_STRICT_OBJC_MSGSEND = YES;
				GCC_C_LANGUAGE_STANDARD = gnu11;
				GCC_NO_COMMON_BLOCKS = YES;
				GCC_WARN_64_TO_32_BIT_CONVERSION = YES;
				GCC_WARN_ABOUT_RETURN_TYPE = YES_ERROR;
				GCC_WARN_UNDECLARED_SELECTOR = YES;
				GCC_WARN_UNINITIALIZED_AUTOS = YES_AGGRESSIVE;
				GCC_WARN_UNUSED_FUNCTION = YES;
				GCC_WARN_UNUSED_VARIABLE = YES;
				IPHONEOS_DEPLOYMENT_TARGET = 13.2;
				MTL_ENABLE_DEBUG_INFO = NO;
				MTL_FAST_MATH = YES;
				SDKROOT = iphoneos;
				SWIFT_COMPILATION_MODE = wholemodule;
				SWIFT_OPTIMIZATION_LEVEL = "-O";
				VALIDATE_PRODUCT = YES;
			};
			name = Release;
		};
		5EA3E05F23AF9A0700CAB6F2 /* Debug */ = {
			isa = XCBuildConfiguration;
			baseConfigurationReference = B350A24B804B2C72EA66E070 /* Pods-Flood.debug.xcconfig */;
			buildSettings = {
				ALWAYS_EMBED_SWIFT_STANDARD_LIBRARIES = YES;
				ASSETCATALOG_COMPILER_APPICON_NAME = AppIcon;
				CODE_SIGN_ENTITLEMENTS = Flood/Flood.entitlements;
				CODE_SIGN_STYLE = Automatic;
				DEVELOPMENT_TEAM = 78A867AHKF;
				INFOPLIST_FILE = "Flood/Supporting Files/Info.plist";
				LD_RUNPATH_SEARCH_PATHS = (
					"$(inherited)",
					"@executable_path/Frameworks",
				);
				PRODUCT_BUNDLE_IDENTIFIER = flood.com.Flood;
				PRODUCT_NAME = "$(TARGET_NAME)";
				SWIFT_VERSION = 5.0;
				TARGETED_DEVICE_FAMILY = 1;
			};
			name = Debug;
		};
		5EA3E06023AF9A0700CAB6F2 /* Release */ = {
			isa = XCBuildConfiguration;
			baseConfigurationReference = 5170974DAA81C99DE6E088BE /* Pods-Flood.release.xcconfig */;
			buildSettings = {
				ALWAYS_EMBED_SWIFT_STANDARD_LIBRARIES = YES;
				ASSETCATALOG_COMPILER_APPICON_NAME = AppIcon;
				CODE_SIGN_ENTITLEMENTS = Flood/Flood.entitlements;
				CODE_SIGN_STYLE = Automatic;
				DEVELOPMENT_TEAM = 78A867AHKF;
				INFOPLIST_FILE = "Flood/Supporting Files/Info.plist";
				LD_RUNPATH_SEARCH_PATHS = (
					"$(inherited)",
					"@executable_path/Frameworks",
				);
				PRODUCT_BUNDLE_IDENTIFIER = flood.com.Flood;
				PRODUCT_NAME = "$(TARGET_NAME)";
				SWIFT_VERSION = 5.0;
				TARGETED_DEVICE_FAMILY = 1;
			};
			name = Release;
		};
/* End XCBuildConfiguration section */

/* Begin XCConfigurationList section */
		5E3D1AC123B73782005F7861 /* Build configuration list for PBXNativeTarget "PostShareExtension" */ = {
			isa = XCConfigurationList;
			buildConfigurations = (
				5E3D1AC223B73782005F7861 /* Debug */,
				5E3D1AC323B73782005F7861 /* Release */,
			);
			defaultConfigurationIsVisible = 0;
			defaultConfigurationName = Release;
		};
		5EA3E04523AF9A0100CAB6F2 /* Build configuration list for PBXProject "Flood" */ = {
			isa = XCConfigurationList;
			buildConfigurations = (
				5EA3E05C23AF9A0700CAB6F2 /* Debug */,
				5EA3E05D23AF9A0700CAB6F2 /* Release */,
			);
			defaultConfigurationIsVisible = 0;
			defaultConfigurationName = Release;
		};
		5EA3E05E23AF9A0700CAB6F2 /* Build configuration list for PBXNativeTarget "Flood" */ = {
			isa = XCConfigurationList;
			buildConfigurations = (
				5EA3E05F23AF9A0700CAB6F2 /* Debug */,
				5EA3E06023AF9A0700CAB6F2 /* Release */,
			);
			defaultConfigurationIsVisible = 0;
			defaultConfigurationName = Release;
		};
/* End XCConfigurationList section */
	};
	rootObject = 5EA3E04223AF9A0100CAB6F2 /* Project object */;
}
